
Microsoft Visual Studio Solution File, Format Version 12.00
# Visual Studio 15
VisualStudioVersion = 15.0.28307.539
MinimumVisualStudioVersion = 10.0.40219.1
Project("{FAE04EC0-301F-11D3-BF4B-00C04F79EFBC}") = "ListCS", "ListCS\ListCS.csproj", "{DE28EBD7-37B1-4464-9C81-37197F013BF4}"
EndProject
Global
	GlobalSection(SolutionConfigurationPlatforms) = preSolution
		Debug|Any CPU = Debug|Any CPU
		Release|Any CPU = Release|Any CPU
	EndGlobalSection
	GlobalSection(ProjectConfigurationPlatforms) = postSolution
		{DE28EBD7-37B1-4464-9C81-37197F013BF4}.Debug|Any CPU.ActiveCfg = Debug|Any CPU
		{DE28EBD7-37B1-4464-9C81-37197F013BF4}.Debug|Any CPU.Build.0 = Debug|Any CPU
		{DE28EBD7-37B1-4464-9C81-37197F013BF4}.Release|Any CPU.ActiveCfg = Release|Any CPU
		{DE28EBD7-37B1-4464-9C81-37197F013BF4}.Release|Any CPU.Build.0 = Release|Any CPU
	EndGlobalSection
	GlobalSection(SolutionProperties) = preSolution
		HideSolutionNode = FALSE
	EndGlobalSection
	GlobalSection(ExtensibilityGlobals) = postSolution
		SolutionGuid = {DE542AF4-0EE9-4862-8782-FD3424B86B00}
	EndGlobalSection
EndGlobal
