
Microsoft Visual Studio Solution File, Format Version 12.00
# Visual Studio 15
VisualStudioVersion = 15.0.28307.539
MinimumVisualStudioVersion = 10.0.40219.1
Project("{FAE04EC0-301F-11D3-BF4B-00C04F79EFBC}") = "FieldsCS", "FieldsCS\FieldsCS.csproj", "{76D07710-7A87-48FA-856D-35AB1B83EFF4}"
EndProject
Global
	GlobalSection(SolutionConfigurationPlatforms) = preSolution
		Debug|Any CPU = Debug|Any CPU
		Release|Any CPU = Release|Any CPU
	EndGlobalSection
	GlobalSection(ProjectConfigurationPlatforms) = postSolution
		{76D07710-7A87-48FA-856D-35AB1B83EFF4}.Debug|Any CPU.ActiveCfg = Debug|Any CPU
		{76D07710-7A87-48FA-856D-35AB1B83EFF4}.Debug|Any CPU.Build.0 = Debug|Any CPU
		{76D07710-7A87-48FA-856D-35AB1B83EFF4}.Release|Any CPU.ActiveCfg = Release|Any CPU
		{76D07710-7A87-48FA-856D-35AB1B83EFF4}.Release|Any CPU.Build.0 = Release|Any CPU
	EndGlobalSection
	GlobalSection(SolutionProperties) = preSolution
		HideSolutionNode = FALSE
	EndGlobalSection
	GlobalSection(ExtensibilityGlobals) = postSolution
		SolutionGuid = {3A75A87F-33AF-4EBE-9A82-319079F6716B}
	EndGlobalSection
EndGlobal
