
Microsoft Visual Studio Solution File, Format Version 12.00
# Visual Studio 15
VisualStudioVersion = 15.0.28307.539
MinimumVisualStudioVersion = 10.0.40219.1
Project("{FAE04EC0-301F-11D3-BF4B-00C04F79EFBC}") = "InheritanceCS", "InheritanceCS\InheritanceCS.csproj", "{7B5A192C-1FF8-4EFC-A0C2-105AE3075943}"
EndProject
Global
	GlobalSection(SolutionConfigurationPlatforms) = preSolution
		Debug|Any CPU = Debug|Any CPU
		Release|Any CPU = Release|Any CPU
	EndGlobalSection
	GlobalSection(ProjectConfigurationPlatforms) = postSolution
		{7B5A192C-1FF8-4EFC-A0C2-105AE3075943}.Debug|Any CPU.ActiveCfg = Debug|Any CPU
		{7B5A192C-1FF8-4EFC-A0C2-105AE3075943}.Debug|Any CPU.Build.0 = Debug|Any CPU
		{7B5A192C-1FF8-4EFC-A0C2-105AE3075943}.Release|Any CPU.ActiveCfg = Release|Any CPU
		{7B5A192C-1FF8-4EFC-A0C2-105AE3075943}.Release|Any CPU.Build.0 = Release|Any CPU
	EndGlobalSection
	GlobalSection(SolutionProperties) = preSolution
		HideSolutionNode = FALSE
	EndGlobalSection
	GlobalSection(ExtensibilityGlobals) = postSolution
		SolutionGuid = {E78D94EB-7BF1-475B-A80F-A88F48E7E99A}
	EndGlobalSection
EndGlobal
