
Microsoft Visual Studio Solution File, Format Version 12.00
# Visual Studio 15
VisualStudioVersion = 15.0.28307.539
MinimumVisualStudioVersion = 10.0.40219.1
Project("{FAE04EC0-301F-11D3-BF4B-00C04F79EFBC}") = "AccessModifiersCS", "AccessModifiersCS\AccessModifiersCS.csproj", "{919D1662-6BC2-4652-9BA2-9B49522BBA78}"
EndProject
Global
	GlobalSection(SolutionConfigurationPlatforms) = preSolution
		Debug|Any CPU = Debug|Any CPU
		Release|Any CPU = Release|Any CPU
	EndGlobalSection
	GlobalSection(ProjectConfigurationPlatforms) = postSolution
		{919D1662-6BC2-4652-9BA2-9B49522BBA78}.Debug|Any CPU.ActiveCfg = Debug|Any CPU
		{919D1662-6BC2-4652-9BA2-9B49522BBA78}.Debug|Any CPU.Build.0 = Debug|Any CPU
		{919D1662-6BC2-4652-9BA2-9B49522BBA78}.Release|Any CPU.ActiveCfg = Release|Any CPU
		{919D1662-6BC2-4652-9BA2-9B49522BBA78}.Release|Any CPU.Build.0 = Release|Any CPU
	EndGlobalSection
	GlobalSection(SolutionProperties) = preSolution
		HideSolutionNode = FALSE
	EndGlobalSection
	GlobalSection(ExtensibilityGlobals) = postSolution
		SolutionGuid = {F5534A70-3DA1-4BBC-889D-FD7B143E02B7}
	EndGlobalSection
EndGlobal
