
Microsoft Visual Studio Solution File, Format Version 12.00
# Visual Studio 15
VisualStudioVersion = 15.0.28307.539
MinimumVisualStudioVersion = 10.0.40219.1
Project("{FAE04EC0-301F-11D3-BF4B-00C04F79EFBC}") = "TypeConversionCS", "TypeConversionCS\TypeConversionCS.csproj", "{DB84D614-DD4D-4BFF-ABB1-1A9FFA621435}"
EndProject
Global
	GlobalSection(SolutionConfigurationPlatforms) = preSolution
		Debug|Any CPU = Debug|Any CPU
		Release|Any CPU = Release|Any CPU
	EndGlobalSection
	GlobalSection(ProjectConfigurationPlatforms) = postSolution
		{DB84D614-DD4D-4BFF-ABB1-1A9FFA621435}.Debug|Any CPU.ActiveCfg = Debug|Any CPU
		{DB84D614-DD4D-4BFF-ABB1-1A9FFA621435}.Debug|Any CPU.Build.0 = Debug|Any CPU
		{DB84D614-DD4D-4BFF-ABB1-1A9FFA621435}.Release|Any CPU.ActiveCfg = Release|Any CPU
		{DB84D614-DD4D-4BFF-ABB1-1A9FFA621435}.Release|Any CPU.Build.0 = Release|Any CPU
	EndGlobalSection
	GlobalSection(SolutionProperties) = preSolution
		HideSolutionNode = FALSE
	EndGlobalSection
	GlobalSection(ExtensibilityGlobals) = postSolution
		SolutionGuid = {39DF2FA6-E8D7-4808-8A79-CE4A71E5570B}
	EndGlobalSection
EndGlobal
